
Microsoft Visual Studio Solution File, Format Version 12.00
# Visual Studio Version 17
VisualStudioVersion = 17.14.36511.14
MinimumVisualStudioVersion = 10.0.40219.1
Project("{FAE04EC0-301F-11D3-BF4B-00C04F79EFBC}") = "CodePrep.API", "CodePrep.API\CodePrep.API.csproj", "{C5FA034E-04C0-4D84-9F18-1D42209BAE4E}"
EndProject
Project("{FAE04EC0-301F-11D3-BF4B-00C04F79EFBC}") = "CodePrep.Application", "CodePrep.Application\CodePrep.Application.csproj", "{3314CA28-B34D-4F81-920F-E521041AC7E4}"
EndProject
Project("{FAE04EC0-301F-11D3-BF4B-00C04F79EFBC}") = "CodePrep.Domain", "CodePrep.Domain\CodePrep.Domain.csproj", "{FAB73B8B-4742-48E4-A637-3FDB540A7A1C}"
EndProject
Project("{FAE04EC0-301F-11D3-BF4B-00C04F79EFBC}") = "CodePrep.Infrastructure", "CodePrep.Infrastructure\CodePrep.Infrastructure.csproj", "{5068B33F-974C-4EA5-939D-CE7A6F05381E}"
EndProject
Project("{FAE04EC0-301F-11D3-BF4B-00C04F79EFBC}") = "CodePrepBlazor", "CodePrepBlazor.web\CodePrepBlazor.csproj", "{528C4ECC-0C83-7FFE-ED61-8B2DBD3D003F}"
EndProject
Global
	GlobalSection(SolutionConfigurationPlatforms) = preSolution
		Debug|Any CPU = Debug|Any CPU
		Release|Any CPU = Release|Any CPU
	EndGlobalSection
	GlobalSection(ProjectConfigurationPlatforms) = postSolution
		{C5FA034E-04C0-4D84-9F18-1D42209BAE4E}.Debug|Any CPU.ActiveCfg = Debug|Any CPU
		{C5FA034E-04C0-4D84-9F18-1D42209BAE4E}.Debug|Any CPU.Build.0 = Debug|Any CPU
		{C5FA034E-04C0-4D84-9F18-1D42209BAE4E}.Release|Any CPU.ActiveCfg = Release|Any CPU
		{C5FA034E-04C0-4D84-9F18-1D42209BAE4E}.Release|Any CPU.Build.0 = Release|Any CPU
		{3314CA28-B34D-4F81-920F-E521041AC7E4}.Debug|Any CPU.ActiveCfg = Debug|Any CPU
		{3314CA28-B34D-4F81-920F-E521041AC7E4}.Debug|Any CPU.Build.0 = Debug|Any CPU
		{3314CA28-B34D-4F81-920F-E521041AC7E4}.Release|Any CPU.ActiveCfg = Release|Any CPU
		{3314CA28-B34D-4F81-920F-E521041AC7E4}.Release|Any CPU.Build.0 = Release|Any CPU
		{FAB73B8B-4742-48E4-A637-3FDB540A7A1C}.Debug|Any CPU.ActiveCfg = Debug|Any CPU
		{FAB73B8B-4742-48E4-A637-3FDB540A7A1C}.Debug|Any CPU.Build.0 = Debug|Any CPU
		{FAB73B8B-4742-48E4-A637-3FDB540A7A1C}.Release|Any CPU.ActiveCfg = Release|Any CPU
		{FAB73B8B-4742-48E4-A637-3FDB540A7A1C}.Release|Any CPU.Build.0 = Release|Any CPU
		{5068B33F-974C-4EA5-939D-CE7A6F05381E}.Debug|Any CPU.ActiveCfg = Debug|Any CPU
		{5068B33F-974C-4EA5-939D-CE7A6F05381E}.Debug|Any CPU.Build.0 = Debug|Any CPU
		{5068B33F-974C-4EA5-939D-CE7A6F05381E}.Release|Any CPU.ActiveCfg = Release|Any CPU
		{5068B33F-974C-4EA5-939D-CE7A6F05381E}.Release|Any CPU.Build.0 = Release|Any CPU
		{528C4ECC-0C83-7FFE-ED61-8B2DBD3D003F}.Debug|Any CPU.ActiveCfg = Debug|Any CPU
		{528C4ECC-0C83-7FFE-ED61-8B2DBD3D003F}.Debug|Any CPU.Build.0 = Debug|Any CPU
		{528C4ECC-0C83-7FFE-ED61-8B2DBD3D003F}.Release|Any CPU.ActiveCfg = Release|Any CPU
		{528C4ECC-0C83-7FFE-ED61-8B2DBD3D003F}.Release|Any CPU.Build.0 = Release|Any CPU
	EndGlobalSection
	GlobalSection(SolutionProperties) = preSolution
		HideSolutionNode = FALSE
	EndGlobalSection
	GlobalSection(ExtensibilityGlobals) = postSolution
		SolutionGuid = {FCDCD033-7072-4807-8ABF-B392D91ADEA3}
	EndGlobalSection
EndGlobal
